// !$*UTF8*$!
{
	archiveVersion = 1;
	classes = {
	};
	objectVersion = 50;
	objects = {

/* Begin PBXBuildFile section */
		6496002725EBB9F000DC40F8 /* AppDelegate.swift in Sources */ = {isa = PBXBuildFile; fileRef = 6496002625EBB9F000DC40F8 /* AppDelegate.swift */; };
		6496002925EBB9F000DC40F8 /* SceneDelegate.swift in Sources */ = {isa = PBXBuildFile; fileRef = 6496002825EBB9F000DC40F8 /* SceneDelegate.swift */; };
		6496002B25EBB9F000DC40F8 /* SettingsController.swift in Sources */ = {isa = PBXBuildFile; fileRef = 6496002A25EBB9F000DC40F8 /* SettingsController.swift */; };
		6496002E25EBB9F000DC40F8 /* Main.storyboard in Resources */ = {isa = PBXBuildFile; fileRef = 6496002C25EBB9F000DC40F8 /* Main.storyboard */; };
		6496003025EBB9F000DC40F8 /* Assets.xcassets in Resources */ = {isa = PBXBuildFile; fileRef = 6496002F25EBB9F000DC40F8 /* Assets.xcassets */; };
		6496003325EBB9F000DC40F8 /* LaunchScreen.storyboard in Resources */ = {isa = PBXBuildFile; fileRef = 6496003125EBB9F000DC40F8 /* LaunchScreen.storyboard */; };
		6496004325EBBBAA00DC40F8 /* ARViewController.swift in Sources */ = {isa = PBXBuildFile; fileRef = 6496004225EBBBAA00DC40F8 /* ARViewController.swift */; };
		64B8E70A25EC8F1500220855 /* IntentData.swift in Sources */ = {isa = PBXBuildFile; fileRef = 64B8E70925EC8F1500220855 /* IntentData.swift */; };
		64E31E9E25EBBD32001B66F6 /* IntentsController.swift in Sources */ = {isa = PBXBuildFile; fileRef = 64E31E9D25EBBD32001B66F6 /* IntentsController.swift */; };
		64E31EA125EBC345001B66F6 /* K.swift in Sources */ = {isa = PBXBuildFile; fileRef = 64E31EA025EBC345001B66F6 /* K.swift */; };
		F5589F5F790F588610A3EE2B /* Pods_Intent_Viewer.framework in Frameworks */ = {isa = PBXBuildFile; fileRef = 80933C03B25189169F26ADD6 /* Pods_Intent_Viewer.framework */; };
/* End PBXBuildFile section */

/* Begin PBXFileReference section */
		0FB45B72B5A9164D7031894F /* Pods-Intent Viewer.debug.xcconfig */ = {isa = PBXFileReference; includeInIndex = 1; lastKnownFileType = text.xcconfig; name = "Pods-Intent Viewer.debug.xcconfig"; path = "Target Support Files/Pods-Intent Viewer/Pods-Intent Viewer.debug.xcconfig"; sourceTree = "<group>"; };
		44D4634846245F3406663F62 /* Pods-Intent Viewer.release.xcconfig */ = {isa = PBXFileReference; includeInIndex = 1; lastKnownFileType = text.xcconfig; name = "Pods-Intent Viewer.release.xcconfig"; path = "Target Support Files/Pods-Intent Viewer/Pods-Intent Viewer.release.xcconfig"; sourceTree = "<group>"; };
		6496002325EBB9F000DC40F8 /* Intent Viewer.app */ = {isa = PBXFileReference; explicitFileType = wrapper.application; includeInIndex = 0; path = "Intent Viewer.app"; sourceTree = BUILT_PRODUCTS_DIR; };
		6496002625EBB9F000DC40F8 /* AppDelegate.swift */ = {isa = PBXFileReference; lastKnownFileType = sourcecode.swift; path = AppDelegate.swift; sourceTree = "<group>"; };
		6496002825EBB9F000DC40F8 /* SceneDelegate.swift */ = {isa = PBXFileReference; lastKnownFileType = sourcecode.swift; path = SceneDelegate.swift; sourceTree = "<group>"; };
		6496002A25EBB9F000DC40F8 /* SettingsController.swift */ = {isa = PBXFileReference; lastKnownFileType = sourcecode.swift; path = SettingsController.swift; sourceTree = "<group>"; };
		6496002D25EBB9F000DC40F8 /* Base */ = {isa = PBXFileReference; lastKnownFileType = file.storyboard; name = Base; path = Base.lproj/Main.storyboard; sourceTree = "<group>"; };
		6496002F25EBB9F000DC40F8 /* Assets.xcassets */ = {isa = PBXFileReference; lastKnownFileType = folder.assetcatalog; path = Assets.xcassets; sourceTree = "<group>"; };
		6496003225EBB9F000DC40F8 /* Base */ = {isa = PBXFileReference; lastKnownFileType = file.storyboard; name = Base; path = Base.lproj/LaunchScreen.storyboard; sourceTree = "<group>"; };
		6496003425EBB9F100DC40F8 /* Info.plist */ = {isa = PBXFileReference; lastKnownFileType = text.plist.xml; path = Info.plist; sourceTree = "<group>"; };
		6496004225EBBBAA00DC40F8 /* ARViewController.swift */ = {isa = PBXFileReference; lastKnownFileType = sourcecode.swift; path = ARViewController.swift; sourceTree = "<group>"; };
		64B8E70925EC8F1500220855 /* IntentData.swift */ = {isa = PBXFileReference; lastKnownFileType = sourcecode.swift; path = IntentData.swift; sourceTree = "<group>"; };
		64E31E9D25EBBD32001B66F6 /* IntentsController.swift */ = {isa = PBXFileReference; lastKnownFileType = sourcecode.swift; path = IntentsController.swift; sourceTree = "<group>"; };
		64E31EA025EBC345001B66F6 /* K.swift */ = {isa = PBXFileReference; lastKnownFileType = sourcecode.swift; path = K.swift; sourceTree = "<group>"; };
		80933C03B25189169F26ADD6 /* Pods_Intent_Viewer.framework */ = {isa = PBXFileReference; explicitFileType = wrapper.framework; includeInIndex = 0; path = Pods_Intent_Viewer.framework; sourceTree = BUILT_PRODUCTS_DIR; };
/* End PBXFileReference section */

/* Begin PBXFrameworksBuildPhase section */
		6496002025EBB9F000DC40F8 /* Frameworks */ = {
			isa = PBXFrameworksBuildPhase;
			buildActionMask = 2147483647;
			files = (
				F5589F5F790F588610A3EE2B /* Pods_Intent_Viewer.framework in Frameworks */,
			);
			runOnlyForDeploymentPostprocessing = 0;
		};
/* End PBXFrameworksBuildPhase section */

/* Begin PBXGroup section */
		4D6964B8F52428D9116F7B02 /* Pods */ = {
			isa = PBXGroup;
			children = (
				0FB45B72B5A9164D7031894F /* Pods-Intent Viewer.debug.xcconfig */,
				44D4634846245F3406663F62 /* Pods-Intent Viewer.release.xcconfig */,
			);
			name = Pods;
			path = Pods;
			sourceTree = "<group>";
		};
		5F32A25E9ED50A221E88A8D6 /* Frameworks */ = {
			isa = PBXGroup;
			children = (
				80933C03B25189169F26ADD6 /* Pods_Intent_Viewer.framework */,
			);
			name = Frameworks;
			sourceTree = "<group>";
		};
		6496001A25EBB9F000DC40F8 = {
			isa = PBXGroup;
			children = (
				6496002525EBB9F000DC40F8 /* Intent Viewer */,
				6496002425EBB9F000DC40F8 /* Products */,
				4D6964B8F52428D9116F7B02 /* Pods */,
				5F32A25E9ED50A221E88A8D6 /* Frameworks */,
			);
			sourceTree = "<group>";
		};
		6496002425EBB9F000DC40F8 /* Products */ = {
			isa = PBXGroup;
			children = (
				6496002325EBB9F000DC40F8 /* Intent Viewer.app */,
			);
			name = Products;
			sourceTree = "<group>";
		};
		6496002525EBB9F000DC40F8 /* Intent Viewer */ = {
			isa = PBXGroup;
			children = (
				6496003E25EBBB2700DC40F8 /* Models */,
				6496003F25EBBB3100DC40F8 /* Views */,
				6496004025EBBB3C00DC40F8 /* Controllers */,
				6496002F25EBB9F000DC40F8 /* Assets.xcassets */,
				6496003C25EBBB1B00DC40F8 /* Delegates */,
				6496003125EBB9F000DC40F8 /* LaunchScreen.storyboard */,
				6496003425EBB9F100DC40F8 /* Info.plist */,
			);
			path = "Intent Viewer";
			sourceTree = "<group>";
		};
		6496003C25EBBB1B00DC40F8 /* Delegates */ = {
			isa = PBXGroup;
			children = (
				6496002625EBB9F000DC40F8 /* AppDelegate.swift */,
				6496002825EBB9F000DC40F8 /* SceneDelegate.swift */,
			);
			path = Delegates;
			sourceTree = "<group>";
		};
		6496003E25EBBB2700DC40F8 /* Models */ = {
			isa = PBXGroup;
			children = (
				64E31EA025EBC345001B66F6 /* K.swift */,
				64B8E70925EC8F1500220855 /* IntentData.swift */,
			);
			path = Models;
			sourceTree = "<group>";
		};
		6496003F25EBBB3100DC40F8 /* Views */ = {
			isa = PBXGroup;
			children = (
				6496002C25EBB9F000DC40F8 /* Main.storyboard */,
			);
			path = Views;
			sourceTree = "<group>";
		};
		6496004025EBBB3C00DC40F8 /* Controllers */ = {
			isa = PBXGroup;
			children = (
				6496002A25EBB9F000DC40F8 /* SettingsController.swift */,
				6496004225EBBBAA00DC40F8 /* ARViewController.swift */,
				64E31E9D25EBBD32001B66F6 /* IntentsController.swift */,
			);
			path = Controllers;
			sourceTree = "<group>";
		};
/* End PBXGroup section */

/* Begin PBXNativeTarget section */
		6496002225EBB9F000DC40F8 /* Intent Viewer */ = {
			isa = PBXNativeTarget;
			buildConfigurationList = 6496003725EBB9F100DC40F8 /* Build configuration list for PBXNativeTarget "Intent Viewer" */;
			buildPhases = (
				3A630F5F5B78348D3DABA004 /* [CP] Check Pods Manifest.lock */,
				6496001F25EBB9F000DC40F8 /* Sources */,
				6496002025EBB9F000DC40F8 /* Frameworks */,
				6496002125EBB9F000DC40F8 /* Resources */,
				0415268016B18DF692439B89 /* [CP] Embed Pods Frameworks */,
			);
			buildRules = (
			);
			dependencies = (
			);
			name = "Intent Viewer";
			productName = "Intent Viewer";
			productReference = 6496002325EBB9F000DC40F8 /* Intent Viewer.app */;
			productType = "com.apple.product-type.application";
		};
/* End PBXNativeTarget section */

/* Begin PBXProject section */
		6496001B25EBB9F000DC40F8 /* Project object */ = {
			isa = PBXProject;
			attributes = {
				LastSwiftUpdateCheck = 1240;
				LastUpgradeCheck = 1240;
				TargetAttributes = {
					6496002225EBB9F000DC40F8 = {
						CreatedOnToolsVersion = 12.4;
					};
				};
			};
			buildConfigurationList = 6496001E25EBB9F000DC40F8 /* Build configuration list for PBXProject "Intent Viewer" */;
			compatibilityVersion = "Xcode 9.3";
			developmentRegion = en;
			hasScannedForEncodings = 0;
			knownRegions = (
				en,
				Base,
			);
			mainGroup = 6496001A25EBB9F000DC40F8;
			productRefGroup = 6496002425EBB9F000DC40F8 /* Products */;
			projectDirPath = "";
			projectRoot = "";
			targets = (
				6496002225EBB9F000DC40F8 /* Intent Viewer */,
			);
		};
/* End PBXProject section */

/* Begin PBXResourcesBuildPhase section */
		6496002125EBB9F000DC40F8 /* Resources */ = {
			isa = PBXResourcesBuildPhase;
			buildActionMask = 2147483647;
			files = (
				6496003325EBB9F000DC40F8 /* LaunchScreen.storyboard in Resources */,
				6496003025EBB9F000DC40F8 /* Assets.xcassets in Resources */,
				6496002E25EBB9F000DC40F8 /* Main.storyboard in Resources */,
			);
			runOnlyForDeploymentPostprocessing = 0;
		};
/* End PBXResourcesBuildPhase section */

/* Begin PBXShellScriptBuildPhase section */
		0415268016B18DF692439B89 /* [CP] Embed Pods Frameworks */ = {
			isa = PBXShellScriptBuildPhase;
			buildActionMask = 2147483647;
			files = (
			);
			inputFileListPaths = (
				"${PODS_ROOT}/Target Support Files/Pods-Intent Viewer/Pods-Intent Viewer-frameworks-${CONFIGURATION}-input-files.xcfilelist",
			);
			name = "[CP] Embed Pods Frameworks";
			outputFileListPaths = (
				"${PODS_ROOT}/Target Support Files/Pods-Intent Viewer/Pods-Intent Viewer-frameworks-${CONFIGURATION}-output-files.xcfilelist",
			);
			runOnlyForDeploymentPostprocessing = 0;
			shellPath = /bin/sh;
			shellScript = "\"${PODS_ROOT}/Target Support Files/Pods-Intent Viewer/Pods-Intent Viewer-frameworks.sh\"\n";
			showEnvVarsInLog = 0;
		};
		3A630F5F5B78348D3DABA004 /* [CP] Check Pods Manifest.lock */ = {
			isa = PBXShellScriptBuildPhase;
			buildActionMask = 2147483647;
			files = (
			);
			inputFileListPaths = (
			);
			inputPaths = (
				"${PODS_PODFILE_DIR_PATH}/Podfile.lock",
				"${PODS_ROOT}/Manifest.lock",
			);
			name = "[CP] Check Pods Manifest.lock";
			outputFileListPaths = (
			);
			outputPaths = (
				"$(DERIVED_FILE_DIR)/Pods-Intent Viewer-checkManifestLockResult.txt",
			);
			runOnlyForDeploymentPostprocessing = 0;
			shellPath = /bin/sh;
			shellScript = "diff \"${PODS_PODFILE_DIR_PATH}/Podfile.lock\" \"${PODS_ROOT}/Manifest.lock\" > /dev/null\nif [ $? != 0 ] ; then\n    # print error to STDERR\n    echo \"error: The sandbox is not in sync with the Podfile.lock. Run 'pod install' or update your CocoaPods installation.\" >&2\n    exit 1\nfi\n# This output is used by Xcode 'outputs' to avoid re-running this script phase.\necho \"SUCCESS\" > \"${SCRIPT_OUTPUT_FILE_0}\"\n";
			showEnvVarsInLog = 0;
		};
/* End PBXShellScriptBuildPhase section */

/* Begin PBXSourcesBuildPhase section */
		6496001F25EBB9F000DC40F8 /* Sources */ = {
			isa = PBXSourcesBuildPhase;
			buildActionMask = 2147483647;
			files = (
				64B8E70A25EC8F1500220855 /* IntentData.swift in Sources */,
				6496002B25EBB9F000DC40F8 /* SettingsController.swift in Sources */,
				6496002725EBB9F000DC40F8 /* AppDelegate.swift in Sources */,
				6496002925EBB9F000DC40F8 /* SceneDelegate.swift in Sources */,
				64E31EA125EBC345001B66F6 /* K.swift in Sources */,
				6496004325EBBBAA00DC40F8 /* ARViewController.swift in Sources */,
				64E31E9E25EBBD32001B66F6 /* IntentsController.swift in Sources */,
			);
			runOnlyForDeploymentPostprocessing = 0;
		};
/* End PBXSourcesBuildPhase section */

/* Begin PBXVariantGroup section */
		6496002C25EBB9F000DC40F8 /* Main.storyboard */ = {
			isa = PBXVariantGroup;
			children = (
				6496002D25EBB9F000DC40F8 /* Base */,
			);
			name = Main.storyboard;
			sourceTree = "<group>";
		};
		6496003125EBB9F000DC40F8 /* LaunchScreen.storyboard */ = {
			isa = PBXVariantGroup;
			children = (
				6496003225EBB9F000DC40F8 /* Base */,
			);
			name = LaunchScreen.storyboard;
			sourceTree = "<group>";
		};
/* End PBXVariantGroup section */

/* Begin XCBuildConfiguration section */
		6496003525EBB9F100DC40F8 /* Debug */ = {
			isa = XCBuildConfiguration;
			buildSettings = {
				ALWAYS_SEARCH_USER_PATHS = NO;
				CLANG_ANALYZER_NONNULL = YES;
				CLANG_ANALYZER_NUMBER_OBJECT_CONVERSION = YES_AGGRESSIVE;
				CLANG_CXX_LANGUAGE_STANDARD = "gnu++14";
				CLANG_CXX_LIBRARY = "libc++";
				CLANG_ENABLE_MODULES = YES;
				CLANG_ENABLE_OBJC_ARC = YES;
				CLANG_ENABLE_OBJC_WEAK = YES;
				CLANG_WARN_BLOCK_CAPTURE_AUTORELEASING = YES;
				CLANG_WARN_BOOL_CONVERSION = YES;
				CLANG_WARN_COMMA = YES;
				CLANG_WARN_CONSTANT_CONVERSION = YES;
				CLANG_WARN_DEPRECATED_OBJC_IMPLEMENTATIONS = YES;
				CLANG_WARN_DIRECT_OBJC_ISA_USAGE = YES_ERROR;
				CLANG_WARN_DOCUMENTATION_COMMENTS = YES;
				CLANG_WARN_EMPTY_BODY = YES;
				CLANG_WARN_ENUM_CONVERSION = YES;
				CLANG_WARN_INFINITE_RECURSION = YES;
				CLANG_WARN_INT_CONVERSION = YES;
				CLANG_WARN_NON_LITERAL_NULL_CONVERSION = YES;
				CLANG_WARN_OBJC_IMPLICIT_RETAIN_SELF = YES;
				CLANG_WARN_OBJC_LITERAL_CONVERSION = YES;
				CLANG_WARN_OBJC_ROOT_CLASS = YES_ERROR;
				CLANG_WARN_QUOTED_INCLUDE_IN_FRAMEWORK_HEADER = YES;
				CLANG_WARN_RANGE_LOOP_ANALYSIS = YES;
				CLANG_WARN_STRICT_PROTOTYPES = YES;
				CLANG_WARN_SUSPICIOUS_MOVE = YES;
				CLANG_WARN_UNGUARDED_AVAILABILITY = YES_AGGRESSIVE;
				CLANG_WARN_UNREACHABLE_CODE = YES;
				CLANG_WARN__DUPLICATE_METHOD_MATCH = YES;
				COPY_PHASE_STRIP = NO;
				DEBUG_INFORMATION_FORMAT = dwarf;
				ENABLE_STRICT_OBJC_MSGSEND = YES;
				ENABLE_TESTABILITY = YES;
				GCC_C_LANGUAGE_STANDARD = gnu11;
				GCC_DYNAMIC_NO_PIC = NO;
				GCC_NO_COMMON_BLOCKS = YES;
				GCC_OPTIMIZATION_LEVEL = 0;
				GCC_PREPROCESSOR_DEFINITIONS = (
					"DEBUG=1",
					"$(inherited)",
				);
				GCC_WARN_64_TO_32_BIT_CONVERSION = YES;
				GCC_WARN_ABOUT_RETURN_TYPE = YES_ERROR;
				GCC_WARN_UNDECLARED_SELECTOR = YES;
				GCC_WARN_UNINITIALIZED_AUTOS = YES_AGGRESSIVE;
				GCC_WARN_UNUSED_FUNCTION = YES;
				GCC_WARN_UNUSED_VARIABLE = YES;
				IPHONEOS_DEPLOYMENT_TARGET = 14.4;
				MTL_ENABLE_DEBUG_INFO = INCLUDE_SOURCE;
				MTL_FAST_MATH = YES;
				ONLY_ACTIVE_ARCH = YES;
				SDKROOT = iphoneos;
				SWIFT_ACTIVE_COMPILATION_CONDITIONS = DEBUG;
				SWIFT_OPTIMIZATION_LEVEL = "-Onone";
			};
			name = Debug;
		};
		6496003625EBB9F100DC40F8 /* Release */ = {
			isa = XCBuildConfiguration;
			buildSettings = {
				ALWAYS_SEARCH_USER_PATHS = NO;
				CLANG_ANALYZER_NONNULL = YES;
				CLANG_ANALYZER_NUMBER_OBJECT_CONVERSION = YES_AGGRESSIVE;
				CLANG_CXX_LANGUAGE_STANDARD = "gnu++14";
				CLANG_CXX_LIBRARY = "libc++";
				CLANG_ENABLE_MODULES = YES;
				CLANG_ENABLE_OBJC_ARC = YES;
				CLANG_ENABLE_OBJC_WEAK = YES;
				CLANG_WARN_BLOCK_CAPTURE_AUTORELEASING = YES;
				CLANG_WARN_BOOL_CONVERSION = YES;
				CLANG_WARN_COMMA = YES;
				CLANG_WARN_CONSTANT_CONVERSION = YES;
				CLANG_WARN_DEPRECATED_OBJC_IMPLEMENTATIONS = YES;
				CLANG_WARN_DIRECT_OBJC_ISA_USAGE = YES_ERROR;
				CLANG_WARN_DOCUMENTATION_COMMENTS = YES;
				CLANG_WARN_EMPTY_BODY = YES;
				CLANG_WARN_ENUM_CONVERSION = YES;
				CLANG_WARN_INFINITE_RECURSION = YES;
				CLANG_WARN_INT_CONVERSION = YES;
				CLANG_WARN_NON_LITERAL_NULL_CONVERSION = YES;
				CLANG_WARN_OBJC_IMPLICIT_RETAIN_SELF = YES;
				CLANG_WARN_OBJC_LITERAL_CONVERSION = YES;
				CLANG_WARN_OBJC_ROOT_CLASS = YES_ERROR;
				CLANG_WARN_QUOTED_INCLUDE_IN_FRAMEWORK_HEADER = YES;
				CLANG_WARN_RANGE_LOOP_ANALYSIS = YES;
				CLANG_WARN_STRICT_PROTOTYPES = YES;
				CLANG_WARN_SUSPICIOUS_MOVE = YES;
				CLANG_WARN_UNGUARDED_AVAILABILITY = YES_AGGRESSIVE;
				CLANG_WARN_UNREACHABLE_CODE = YES;
				CLANG_WARN__DUPLICATE_METHOD_MATCH = YES;
				COPY_PHASE_STRIP = NO;
				DEBUG_INFORMATION_FORMAT = "dwarf-with-dsym";
				ENABLE_NS_ASSERTIONS = NO;
				ENABLE_STRICT_OBJC_MSGSEND = YES;
				GCC_C_LANGUAGE_STANDARD = gnu11;
				GCC_NO_COMMON_BLOCKS = YES;
				GCC_WARN_64_TO_32_BIT_CONVERSION = YES;
				GCC_WARN_ABOUT_RETURN_TYPE = YES_ERROR;
				GCC_WARN_UNDECLARED_SELECTOR = YES;
				GCC_WARN_UNINITIALIZED_AUTOS = YES_AGGRESSIVE;
				GCC_WARN_UNUSED_FUNCTION = YES;
				GCC_WARN_UNUSED_VARIABLE = YES;
				IPHONEOS_DEPLOYMENT_TARGET = 14.4;
				MTL_ENABLE_DEBUG_INFO = NO;
				MTL_FAST_MATH = YES;
				SDKROOT = iphoneos;
				SWIFT_COMPILATION_MODE = wholemodule;
				SWIFT_OPTIMIZATION_LEVEL = "-O";
				VALIDATE_PRODUCT = YES;
			};
			name = Release;
		};
		6496003825EBB9F100DC40F8 /* Debug */ = {
			isa = XCBuildConfiguration;
			baseConfigurationReference = 0FB45B72B5A9164D7031894F /* Pods-Intent Viewer.debug.xcconfig */;
			buildSettings = {
				ASSETCATALOG_COMPILER_APPICON_NAME = AppIcon;
				ASSETCATALOG_COMPILER_GLOBAL_ACCENT_COLOR_NAME = AccentColor;
				CODE_SIGN_STYLE = Automatic;
				DEVELOPMENT_TEAM = ZB4ZCCEUWC;
				INFOPLIST_FILE = "Intent Viewer/Info.plist";
				LD_RUNPATH_SEARCH_PATHS = (
					"$(inherited)",
					"@executable_path/Frameworks",
				);
				PRODUCT_BUNDLE_IDENTIFIER = "ai.sodoherty.Intent-Viewer";
				PRODUCT_NAME = "$(TARGET_NAME)";
				SWIFT_VERSION = 5.0;
				TARGETED_DEVICE_FAMILY = 1;
			};
			name = Debug;
		};
		6496003925EBB9F100DC40F8 /* Release */ = {
			isa = XCBuildConfiguration;
			baseConfigurationReference = 44D4634846245F3406663F62 /* Pods-Intent Viewer.release.xcconfig */;
			buildSettings = {
				ASSETCATALOG_COMPILER_APPICON_NAME = AppIcon;
				ASSETCATALOG_COMPILER_GLOBAL_ACCENT_COLOR_NAME = AccentColor;
				CODE_SIGN_STYLE = Automatic;
				DEVELOPMENT_TEAM = ZB4ZCCEUWC;
				INFOPLIST_FILE = "Intent Viewer/Info.plist";
				LD_RUNPATH_SEARCH_PATHS = (
					"$(inherited)",
					"@executable_path/Frameworks",
				);
				PRODUCT_BUNDLE_IDENTIFIER = "ai.sodoherty.Intent-Viewer";
				PRODUCT_NAME = "$(TARGET_NAME)";
				SWIFT_VERSION = 5.0;
				TARGETED_DEVICE_FAMILY = 1;
			};
			name = Release;
		};
/* End XCBuildConfiguration section */

/* Begin XCConfigurationList section */
		6496001E25EBB9F000DC40F8 /* Build configuration list for PBXProject "Intent Viewer" */ = {
			isa = XCConfigurationList;
			buildConfigurations = (
				6496003525EBB9F100DC40F8 /* Debug */,
				6496003625EBB9F100DC40F8 /* Release */,
			);
			defaultConfigurationIsVisible = 0;
			defaultConfigurationName = Release;
		};
		6496003725EBB9F100DC40F8 /* Build configuration list for PBXNativeTarget "Intent Viewer" */ = {
			isa = XCConfigurationList;
			buildConfigurations = (
				6496003825EBB9F100DC40F8 /* Debug */,
				6496003925EBB9F100DC40F8 /* Release */,
			);
			defaultConfigurationIsVisible = 0;
			defaultConfigurationName = Release;
		};
/* End XCConfigurationList section */
	};
	rootObject = 6496001B25EBB9F000DC40F8 /* Project object */;
}
